
Microsoft Visual Studio Solution File, Format Version 12.00
# Visual Studio Version 17
VisualStudioVersion = 17.5.002.0
MinimumVisualStudioVersion = 10.0.40219.1
Project("{9A19103F-16F7-4668-BE54-9A1E7A4F7556}") = "Todo", "Todo.csproj", "{69E01669-3E8E-423B-A9A3-A8169E472B37}"
EndProject
Global
	GlobalSection(SolutionConfigurationPlatforms) = preSolution
		Debug|Any CPU = Debug|Any CPU
		Release|Any CPU = Release|Any CPU
	EndGlobalSection
	GlobalSection(ProjectConfigurationPlatforms) = postSolution
		{69E01669-3E8E-423B-A9A3-A8169E472B37}.Debug|Any CPU.ActiveCfg = Debug|Any CPU
		{69E01669-3E8E-423B-A9A3-A8169E472B37}.Debug|Any CPU.Build.0 = Debug|Any CPU
		{69E01669-3E8E-423B-A9A3-A8169E472B37}.Release|Any CPU.ActiveCfg = Release|Any CPU
		{69E01669-3E8E-423B-A9A3-A8169E472B37}.Release|Any CPU.Build.0 = Release|Any CPU
	EndGlobalSection
	GlobalSection(SolutionProperties) = preSolution
		HideSolutionNode = FALSE
	EndGlobalSection
	GlobalSection(ExtensibilityGlobals) = postSolution
		SolutionGuid = {91466725-CB45-437B-8DEF-B0E20C904E3D}
	EndGlobalSection
EndGlobal
